version = 1
requires-python = ">=3.12"

[[package]]
name = "asteroids"
version = "0.1.0"
source = { virtual = "." }
dependencies = [
    { name = "pygame" },
]

[package.metadata]
requires-dist = [{ name = "pygame", specifier = "==2.6.0" }]

[[package]]
name = "pygame"
version = "2.6.0"
source = { registry = "https://pypi.org/simple" }
sdist = { url = "https://files.pythonhosted.org/packages/72/49/bd2fcbadb6a55bb24284bad4f530189401c99ffc234d51ba54756a776eb2/pygame-2.6.0.tar.gz", hash = "sha256:722d33ae676aa8533c1f955eded966411298831346b8d51a77dad22e46ba3e35", size = 15787643 }
wheels = [
    { url = "https://files.pythonhosted.org/packages/37/15/c6c2d48615927ed44b1f4f4b5a26a9e47522946b68438be7177c3471fc64/pygame-2.6.0-cp312-cp312-macosx_10_9_x86_64.whl", hash = "sha256:b834711ebc8b9d0c2a5f9bfae4403dd277b2c61bcb689e1aa630d01a1ebcf40a", size = 13117982 },
    { url = "https://files.pythonhosted.org/packages/86/bc/70cc481a735b24a02b13256c0de618c6908dcd3561df518abe6f3c0ad24e/pygame-2.6.0-cp312-cp312-macosx_11_0_arm64.whl", hash = "sha256:b5ac288655e8a31a303cc286e79cc57979ed2ba19c3a14042d4b6391c1d3bed2", size = 12383981 },
    { url = "https://files.pythonhosted.org/packages/bd/de/d18d0476dd35c6238cfe66516629ef634976fe0ac9525fa45282f774e219/pygame-2.6.0-cp312-cp312-manylinux_2_17_aarch64.manylinux2014_aarch64.whl", hash = "sha256:d666667b7826b0a7921b8ce0a282ba5281dfa106976c1a3b24e32a0af65ad3b1", size = 13587441 },
    { url = "https://files.pythonhosted.org/packages/e8/1f/d3d6dab1956a7a23cef23900a2cae2c738d4662f04cdc90d12235955a575/pygame-2.6.0-cp312-cp312-manylinux_2_17_i686.manylinux2014_i686.whl", hash = "sha256:fd8848a37a7cee37854c7efb8d451334477c9f8ce7ac339c079e724dc1334a76", size = 14280884 },
    { url = "https://files.pythonhosted.org/packages/70/da/5c71f05e2d76e0d28153a2d8a52f324908849bf02d70958e5b403ca3ab73/pygame-2.6.0-cp312-cp312-manylinux_2_17_x86_64.manylinux2014_x86_64.whl", hash = "sha256:315e7b3c1c573984f549ac5da9778ac4709b3b4e3a4061050d94eab63fa4fe31", size = 13956091 },
    { url = "https://files.pythonhosted.org/packages/2a/16/ec73fd2350df6620f3471c1a7df06bcd392d7ad99823cabe5b82d54b7df8/pygame-2.6.0-cp312-cp312-win32.whl", hash = "sha256:e44bde0840cc21a91c9d368846ac538d106cf0668be1a6030f48df139609d1e8", size = 10383625 },
    { url = "https://files.pythonhosted.org/packages/c2/a2/7a4e02e5833e7391ca4e4e08bdda0bdab6672d8ce3ddee433d50297135ec/pygame-2.6.0-cp312-cp312-win_amd64.whl", hash = "sha256:1c429824b1f881a7a5ce3b5c2014d3d182aa45a22cea33c8347a3971a5446907", size = 10754182 },
]
